lockfileVersion: '9.0'

settings:
  autoInstallPeers: true
  excludeLinksFromLockfile: false

importers:

  .:
    dependencies:
      '@zeroopensource/zero-cli':
        specifier: latest
        version: 0.0.4

packages:

  '@zeroopensource/zero-cli@0.0.4':
    resolution: {integrity: sha512-IeGxzg/LNmNKLHW4TIWD6a/eMs2LVDuORv2K0+R0FJ3KdGwhKs6Y5qgmHf/oIUAvL6NqvJxRceAdZd6J6soH2Q==}
    hasBin: true

  '@zeroopensource/zero-id@0.0.3':
    resolution: {integrity: sha512-LHLU05EyrEVTJ+bFUHUueAPYTXKHKlPKbMiL8iDFhDUVeuqFnxJjWSSX5jLI0jImbCbVKh5wXjvHXglZrMqlPg==}
    hasBin: true

  '@zeroopensource/zero-official@0.0.3':
    resolution: {integrity: sha512-3oqWIjtRQWA1CMeWyQLFQnhrhQK5XS7WuWofkzPti4RcVNyxOKpshQmJamAojbaHOMO1ptbt4BR9XUn7Kr0XbA==}
    hasBin: true

  commander@10.0.1:
    resolution: {integrity: sha512-y4Mg2tXshplEbSGzx7amzPwKKOCGuoSRP/CjEdwwk0FOGlUbq6lKuoyDZTNZkmxHdJtp54hdfY/JUrdL7Xfdug==}
    engines: {node: '>=14'}

  commander@14.0.0:
    resolution: {integrity: sha512-2uM9rYjPvyq39NwLRqaiLtWHyDC1FvryJDa2ATTVims5YAS4PupsEQsDvP14FqhFr0P49CYDugi59xaxJlTXRA==}
    engines: {node: '>=20'}

  function-bind@1.1.2:
    resolution: {integrity: sha512-7XHNxH7qX9xG5mIwxkhumTox/MIRNcOgDrxWsMt2pAr23WHp6MrRlN7FBSFpCpr+oVO0F744iUgR82nJMfG2SA==}

  hasown@2.0.2:
    resolution: {integrity: sha512-0hJU9SCPvmMzIBdZFqNPXWa6dqh7WdH0cII9y+CyS8rG3nL48Bclra9HmKhVVUHyPWNH5Y7xDwAB7bfgSjkUMQ==}
    engines: {node: '>= 0.4'}

  is-core-module@2.16.1:
    resolution: {integrity: sha512-UfoeMA6fIJ8wTYFEUjelnaGI67v6+N7qXJEvQuIGa99l4xsCruSYOVSQ0uPANn4dAzm8lkYPaKLrrijLq7x23w==}
    engines: {node: '>= 0.4'}

  path-parse@1.0.7:
    resolution: {integrity: sha512-LDJzPVEEEPR+y48z93A0Ed0yXb8pAByGWo/k5YYdYgpY2/2EsOsksJrq7lOHxryrVOn1ejG6oAp8ahvOIQD8sw==}

  resolve@1.22.10:
    resolution: {integrity: sha512-NPRy+/ncIMeDlTAsuqwKIiferiawhefFJtkNSW0qZJEqMEb+qBt/77B/jGeeek+F0uOeN05CDa6HXbbIgtVX4w==}
    engines: {node: '>= 0.4'}
    hasBin: true

  supports-preserve-symlinks-flag@1.0.0:
    resolution: {integrity: sha512-ot0WnXS9fgdkgIcePe6RHNk1WA8+muPa6cSjeR3V8K27q9BB1rTE3R1p7Hv0z1ZyAc8s6Vvv8DIyWf681MAt0w==}
    engines: {node: '>= 0.4'}

snapshots:

  '@zeroopensource/zero-cli@0.0.4':
    dependencies:
      '@zeroopensource/zero-id': 0.0.3
      '@zeroopensource/zero-official': 0.0.3
      commander: 14.0.0
      resolve: 1.22.10

  '@zeroopensource/zero-id@0.0.3':
    dependencies:
      '@zeroopensource/zero-cli': 0.0.4
      commander: 14.0.0

  '@zeroopensource/zero-official@0.0.3':
    dependencies:
      '@zeroopensource/zero-cli': 0.0.4
      commander: 10.0.1

  commander@10.0.1: {}

  commander@14.0.0: {}

  function-bind@1.1.2: {}

  hasown@2.0.2:
    dependencies:
      function-bind: 1.1.2

  is-core-module@2.16.1:
    dependencies:
      hasown: 2.0.2

  path-parse@1.0.7: {}

  resolve@1.22.10:
    dependencies:
      is-core-module: 2.16.1
      path-parse: 1.0.7
      supports-preserve-symlinks-flag: 1.0.0

  supports-preserve-symlinks-flag@1.0.0: {}
